
Microsoft Visual Studio Solution File, Format Version 12.00
# Visual Studio 15
VisualStudioVersion = 15.0.27703.1
MinimumVisualStudioVersion = 10.0.40219.1
Project("{FAE04EC0-301F-11D3-BF4B-00C04F79EFBC}") = "CarTests", "CarTests\CarTests.csproj", "{B6DC61C2-617E-4140-9DBB-7AB654701086}"
EndProject
Project("{FAE04EC0-301F-11D3-BF4B-00C04F79EFBC}") = "Car", "Car\Car.csproj", "{46F3944C-9323-4781-95C9-EC45F1E56910}"
EndProject
Global
	GlobalSection(SolutionConfigurationPlatforms) = preSolution
		Debug|Any CPU = Debug|Any CPU
		Release|Any CPU = Release|Any CPU
	EndGlobalSection
	GlobalSection(ProjectConfigurationPlatforms) = postSolution
		{B6DC61C2-617E-4140-9DBB-7AB654701086}.Debug|Any CPU.ActiveCfg = Debug|Any CPU
		{B6DC61C2-617E-4140-9DBB-7AB654701086}.Debug|Any CPU.Build.0 = Debug|Any CPU
		{B6DC61C2-617E-4140-9DBB-7AB654701086}.Release|Any CPU.ActiveCfg = Release|Any CPU
		{B6DC61C2-617E-4140-9DBB-7AB654701086}.Release|Any CPU.Build.0 = Release|Any CPU
		{46F3944C-9323-4781-95C9-EC45F1E56910}.Debug|Any CPU.ActiveCfg = Debug|Any CPU
		{46F3944C-9323-4781-95C9-EC45F1E56910}.Debug|Any CPU.Build.0 = Debug|Any CPU
		{46F3944C-9323-4781-95C9-EC45F1E56910}.Release|Any CPU.ActiveCfg = Release|Any CPU
		{46F3944C-9323-4781-95C9-EC45F1E56910}.Release|Any CPU.Build.0 = Release|Any CPU
	EndGlobalSection
	GlobalSection(SolutionProperties) = preSolution
		HideSolutionNode = FALSE
	EndGlobalSection
	GlobalSection(ExtensibilityGlobals) = postSolution
		SolutionGuid = {9D5488C0-DDD1-4443-B7D9-502449E79973}
	EndGlobalSection
EndGlobal
